
Microsoft Visual Studio Solution File, Format Version 12.00
# Visual Studio Version 16
VisualStudioVersion = 16.0.29920.165
MinimumVisualStudioVersion = 10.0.40219.1
Project("{9A19103F-16F7-4668-BE54-9A1E7A4F7556}") = "CounterStrike", "ExamPrep2810\CounterStrike.csproj", "{F81A7396-70B6-4311-AADE-0BD41F98FDB5}"
EndProject
Project("{9A19103F-16F7-4668-BE54-9A1E7A4F7556}") = "ShootForTheWin", "ShootForTheWin\ShootForTheWin.csproj", "{BFFBBA78-9043-43E4-A8B3-DFFB35E7F09E}"
EndProject
Project("{FAE04EC0-301F-11D3-BF4B-00C04F79EFBC}") = "MovingTarget", "MovingTarget\MovingTarget.csproj", "{07744F07-ADA8-417D-9B04-785A544760D5}"
EndProject
Global
	GlobalSection(SolutionConfigurationPlatforms) = preSolution
		Debug|Any CPU = Debug|Any CPU
		Release|Any CPU = Release|Any CPU
	EndGlobalSection
	GlobalSection(ProjectConfigurationPlatforms) = postSolution
		{F81A7396-70B6-4311-AADE-0BD41F98FDB5}.Debug|Any CPU.ActiveCfg = Debug|Any CPU
		{F81A7396-70B6-4311-AADE-0BD41F98FDB5}.Debug|Any CPU.Build.0 = Debug|Any CPU
		{F81A7396-70B6-4311-AADE-0BD41F98FDB5}.Release|Any CPU.ActiveCfg = Release|Any CPU
		{F81A7396-70B6-4311-AADE-0BD41F98FDB5}.Release|Any CPU.Build.0 = Release|Any CPU
		{BFFBBA78-9043-43E4-A8B3-DFFB35E7F09E}.Debug|Any CPU.ActiveCfg = Debug|Any CPU
		{BFFBBA78-9043-43E4-A8B3-DFFB35E7F09E}.Debug|Any CPU.Build.0 = Debug|Any CPU
		{BFFBBA78-9043-43E4-A8B3-DFFB35E7F09E}.Release|Any CPU.ActiveCfg = Release|Any CPU
		{BFFBBA78-9043-43E4-A8B3-DFFB35E7F09E}.Release|Any CPU.Build.0 = Release|Any CPU
		{07744F07-ADA8-417D-9B04-785A544760D5}.Debug|Any CPU.ActiveCfg = Debug|Any CPU
		{07744F07-ADA8-417D-9B04-785A544760D5}.Debug|Any CPU.Build.0 = Debug|Any CPU
		{07744F07-ADA8-417D-9B04-785A544760D5}.Release|Any CPU.ActiveCfg = Release|Any CPU
		{07744F07-ADA8-417D-9B04-785A544760D5}.Release|Any CPU.Build.0 = Release|Any CPU
	EndGlobalSection
	GlobalSection(SolutionProperties) = preSolution
		HideSolutionNode = FALSE
	EndGlobalSection
	GlobalSection(ExtensibilityGlobals) = postSolution
		SolutionGuid = {E1251884-1552-4B88-A085-28EE455827D3}
	EndGlobalSection
EndGlobal
