
Microsoft Visual Studio Solution File, Format Version 12.00
# Visual Studio Version 16
VisualStudioVersion = 16.0.29920.165
MinimumVisualStudioVersion = 10.0.40219.1
Project("{9A19103F-16F7-4668-BE54-9A1E7A4F7556}") = "01.Task", "ExamTasks\01.Task.csproj", "{2FEDD3E7-EA2D-4D5E-A212-E99E82351FAB}"
EndProject
Project("{FAE04EC0-301F-11D3-BF4B-00C04F79EFBC}") = "02.Task", "02.Task\02.Task.csproj", "{3855D9E0-9163-45CB-9450-BA89E45E58EC}"
EndProject
Project("{FAE04EC0-301F-11D3-BF4B-00C04F79EFBC}") = "03.Task", "03.Task\03.Task.csproj", "{CD500AF7-8AD1-4627-9AA1-46E98CE5FC5B}"
EndProject
Global
	GlobalSection(SolutionConfigurationPlatforms) = preSolution
		Debug|Any CPU = Debug|Any CPU
		Release|Any CPU = Release|Any CPU
	EndGlobalSection
	GlobalSection(ProjectConfigurationPlatforms) = postSolution
		{2FEDD3E7-EA2D-4D5E-A212-E99E82351FAB}.Debug|Any CPU.ActiveCfg = Debug|Any CPU
		{2FEDD3E7-EA2D-4D5E-A212-E99E82351FAB}.Debug|Any CPU.Build.0 = Debug|Any CPU
		{2FEDD3E7-EA2D-4D5E-A212-E99E82351FAB}.Release|Any CPU.ActiveCfg = Release|Any CPU
		{2FEDD3E7-EA2D-4D5E-A212-E99E82351FAB}.Release|Any CPU.Build.0 = Release|Any CPU
		{3855D9E0-9163-45CB-9450-BA89E45E58EC}.Debug|Any CPU.ActiveCfg = Debug|Any CPU
		{3855D9E0-9163-45CB-9450-BA89E45E58EC}.Debug|Any CPU.Build.0 = Debug|Any CPU
		{3855D9E0-9163-45CB-9450-BA89E45E58EC}.Release|Any CPU.ActiveCfg = Release|Any CPU
		{3855D9E0-9163-45CB-9450-BA89E45E58EC}.Release|Any CPU.Build.0 = Release|Any CPU
		{CD500AF7-8AD1-4627-9AA1-46E98CE5FC5B}.Debug|Any CPU.ActiveCfg = Debug|Any CPU
		{CD500AF7-8AD1-4627-9AA1-46E98CE5FC5B}.Debug|Any CPU.Build.0 = Debug|Any CPU
		{CD500AF7-8AD1-4627-9AA1-46E98CE5FC5B}.Release|Any CPU.ActiveCfg = Release|Any CPU
		{CD500AF7-8AD1-4627-9AA1-46E98CE5FC5B}.Release|Any CPU.Build.0 = Release|Any CPU
	EndGlobalSection
	GlobalSection(SolutionProperties) = preSolution
		HideSolutionNode = FALSE
	EndGlobalSection
	GlobalSection(ExtensibilityGlobals) = postSolution
		SolutionGuid = {993853EB-EBEC-42B7-A5F2-A33DDE57AFA2}
	EndGlobalSection
EndGlobal
