
Microsoft Visual Studio Solution File, Format Version 12.00
# Visual Studio Version 16
VisualStudioVersion = 16.0.29920.165
MinimumVisualStudioVersion = 10.0.40219.1
Project("{FAE04EC0-301F-11D3-BF4B-00C04F79EFBC}") = "MidExam0711", "MidExam0711\MidExam0711.csproj", "{7DC42CE6-E581-4AB8-9895-12E66CBB93E6}"
EndProject
Project("{FAE04EC0-301F-11D3-BF4B-00C04F79EFBC}") = "Loot", "Loot\Loot.csproj", "{E6D2C333-B3D4-4707-9F3C-B8A9C3F11FE4}"
EndProject
Project("{FAE04EC0-301F-11D3-BF4B-00C04F79EFBC}") = "DeckOfCards", "DeckOfCards\DeckOfCards.csproj", "{5FDCCD12-458B-4AF8-9E52-2957EB3EAF19}"
EndProject
Global
	GlobalSection(SolutionConfigurationPlatforms) = preSolution
		Debug|Any CPU = Debug|Any CPU
		Release|Any CPU = Release|Any CPU
	EndGlobalSection
	GlobalSection(ProjectConfigurationPlatforms) = postSolution
		{7DC42CE6-E581-4AB8-9895-12E66CBB93E6}.Debug|Any CPU.ActiveCfg = Debug|Any CPU
		{7DC42CE6-E581-4AB8-9895-12E66CBB93E6}.Debug|Any CPU.Build.0 = Debug|Any CPU
		{7DC42CE6-E581-4AB8-9895-12E66CBB93E6}.Release|Any CPU.ActiveCfg = Release|Any CPU
		{7DC42CE6-E581-4AB8-9895-12E66CBB93E6}.Release|Any CPU.Build.0 = Release|Any CPU
		{E6D2C333-B3D4-4707-9F3C-B8A9C3F11FE4}.Debug|Any CPU.ActiveCfg = Debug|Any CPU
		{E6D2C333-B3D4-4707-9F3C-B8A9C3F11FE4}.Debug|Any CPU.Build.0 = Debug|Any CPU
		{E6D2C333-B3D4-4707-9F3C-B8A9C3F11FE4}.Release|Any CPU.ActiveCfg = Release|Any CPU
		{E6D2C333-B3D4-4707-9F3C-B8A9C3F11FE4}.Release|Any CPU.Build.0 = Release|Any CPU
		{5FDCCD12-458B-4AF8-9E52-2957EB3EAF19}.Debug|Any CPU.ActiveCfg = Debug|Any CPU
		{5FDCCD12-458B-4AF8-9E52-2957EB3EAF19}.Debug|Any CPU.Build.0 = Debug|Any CPU
		{5FDCCD12-458B-4AF8-9E52-2957EB3EAF19}.Release|Any CPU.ActiveCfg = Release|Any CPU
		{5FDCCD12-458B-4AF8-9E52-2957EB3EAF19}.Release|Any CPU.Build.0 = Release|Any CPU
	EndGlobalSection
	GlobalSection(SolutionProperties) = preSolution
		HideSolutionNode = FALSE
	EndGlobalSection
	GlobalSection(ExtensibilityGlobals) = postSolution
		SolutionGuid = {2531CD02-E1F0-4C9B-9FBF-AA49F4298FF3}
	EndGlobalSection
EndGlobal
