
Microsoft Visual Studio Solution File, Format Version 12.00
# Visual Studio Version 17
VisualStudioVersion = 17.0.31903.59
MinimumVisualStudioVersion = 10.0.40219.1
Project("{FAE04EC0-301F-11D3-BF4B-00C04F79EFBC}") = "LinkedListImplementation", "LinearDataStructures\LinkedListImplementation.csproj", "{EEE60FA0-13FC-48CD-8274-CA90A28CCEB8}"
EndProject
Global
	GlobalSection(SolutionConfigurationPlatforms) = preSolution
		Debug|Any CPU = Debug|Any CPU
		Release|Any CPU = Release|Any CPU
	EndGlobalSection
	GlobalSection(ProjectConfigurationPlatforms) = postSolution
		{EEE60FA0-13FC-48CD-8274-CA90A28CCEB8}.Debug|Any CPU.ActiveCfg = Debug|Any CPU
		{EEE60FA0-13FC-48CD-8274-CA90A28CCEB8}.Debug|Any CPU.Build.0 = Debug|Any CPU
		{EEE60FA0-13FC-48CD-8274-CA90A28CCEB8}.Release|Any CPU.ActiveCfg = Release|Any CPU
		{EEE60FA0-13FC-48CD-8274-CA90A28CCEB8}.Release|Any CPU.Build.0 = Release|Any CPU
	EndGlobalSection
	GlobalSection(SolutionProperties) = preSolution
		HideSolutionNode = FALSE
	EndGlobalSection
	GlobalSection(ExtensibilityGlobals) = postSolution
		SolutionGuid = {462D9EC1-9F0F-4EEB-B05E-03FFB7544010}
	EndGlobalSection
EndGlobal
