
Microsoft Visual Studio Solution File, Format Version 12.00
# Visual Studio Version 16
VisualStudioVersion = 16.0.29920.165
MinimumVisualStudioVersion = 10.0.40219.1
Project("{FAE04EC0-301F-11D3-BF4B-00C04F79EFBC}") = "DataTypes", "MethodsMoreExc\DataTypes.csproj", "{58B8949B-E8A9-4219-8FF9-B4E8D8E209EA}"
EndProject
Project("{FAE04EC0-301F-11D3-BF4B-00C04F79EFBC}") = "CenterPoint", "CenterPoint\CenterPoint.csproj", "{9A1122F4-2547-4D1D-B302-E2DF76A6F9F2}"
EndProject
Global
	GlobalSection(SolutionConfigurationPlatforms) = preSolution
		Debug|Any CPU = Debug|Any CPU
		Release|Any CPU = Release|Any CPU
	EndGlobalSection
	GlobalSection(ProjectConfigurationPlatforms) = postSolution
		{58B8949B-E8A9-4219-8FF9-B4E8D8E209EA}.Debug|Any CPU.ActiveCfg = Debug|Any CPU
		{58B8949B-E8A9-4219-8FF9-B4E8D8E209EA}.Debug|Any CPU.Build.0 = Debug|Any CPU
		{58B8949B-E8A9-4219-8FF9-B4E8D8E209EA}.Release|Any CPU.ActiveCfg = Release|Any CPU
		{58B8949B-E8A9-4219-8FF9-B4E8D8E209EA}.Release|Any CPU.Build.0 = Release|Any CPU
		{9A1122F4-2547-4D1D-B302-E2DF76A6F9F2}.Debug|Any CPU.ActiveCfg = Debug|Any CPU
		{9A1122F4-2547-4D1D-B302-E2DF76A6F9F2}.Debug|Any CPU.Build.0 = Debug|Any CPU
		{9A1122F4-2547-4D1D-B302-E2DF76A6F9F2}.Release|Any CPU.ActiveCfg = Release|Any CPU
		{9A1122F4-2547-4D1D-B302-E2DF76A6F9F2}.Release|Any CPU.Build.0 = Release|Any CPU
	EndGlobalSection
	GlobalSection(SolutionProperties) = preSolution
		HideSolutionNode = FALSE
	EndGlobalSection
	GlobalSection(ExtensibilityGlobals) = postSolution
		SolutionGuid = {F8ED233E-C66B-4D15-BBD8-0646A1B9E2F4}
	EndGlobalSection
EndGlobal
