
Microsoft Visual Studio Solution File, Format Version 12.00
# Visual Studio Version 16
VisualStudioVersion = 16.0.29920.165
MinimumVisualStudioVersion = 10.0.40219.1
Project("{FAE04EC0-301F-11D3-BF4B-00C04F79EFBC}") = "PasswordReset", "FinalExamPrep04AprilGroup2\PasswordReset.csproj", "{FE83ACB9-29F4-45AE-98FC-129E4977F572}"
EndProject
Project("{FAE04EC0-301F-11D3-BF4B-00C04F79EFBC}") = "FancyBarcodes", "FancyBarcodes\FancyBarcodes.csproj", "{C765B2C5-F6D5-4ABE-9698-161830FB5AA6}"
EndProject
Project("{FAE04EC0-301F-11D3-BF4B-00C04F79EFBC}") = "HeroesOfCodeAndLogic", "HeroesOfCodeAndLogic\HeroesOfCodeAndLogic.csproj", "{0018633A-D817-412D-8454-BAFE10A9EBE0}"
EndProject
Global
	GlobalSection(SolutionConfigurationPlatforms) = preSolution
		Debug|Any CPU = Debug|Any CPU
		Release|Any CPU = Release|Any CPU
	EndGlobalSection
	GlobalSection(ProjectConfigurationPlatforms) = postSolution
		{FE83ACB9-29F4-45AE-98FC-129E4977F572}.Debug|Any CPU.ActiveCfg = Debug|Any CPU
		{FE83ACB9-29F4-45AE-98FC-129E4977F572}.Debug|Any CPU.Build.0 = Debug|Any CPU
		{FE83ACB9-29F4-45AE-98FC-129E4977F572}.Release|Any CPU.ActiveCfg = Release|Any CPU
		{FE83ACB9-29F4-45AE-98FC-129E4977F572}.Release|Any CPU.Build.0 = Release|Any CPU
		{C765B2C5-F6D5-4ABE-9698-161830FB5AA6}.Debug|Any CPU.ActiveCfg = Debug|Any CPU
		{C765B2C5-F6D5-4ABE-9698-161830FB5AA6}.Debug|Any CPU.Build.0 = Debug|Any CPU
		{C765B2C5-F6D5-4ABE-9698-161830FB5AA6}.Release|Any CPU.ActiveCfg = Release|Any CPU
		{C765B2C5-F6D5-4ABE-9698-161830FB5AA6}.Release|Any CPU.Build.0 = Release|Any CPU
		{0018633A-D817-412D-8454-BAFE10A9EBE0}.Debug|Any CPU.ActiveCfg = Debug|Any CPU
		{0018633A-D817-412D-8454-BAFE10A9EBE0}.Debug|Any CPU.Build.0 = Debug|Any CPU
		{0018633A-D817-412D-8454-BAFE10A9EBE0}.Release|Any CPU.ActiveCfg = Release|Any CPU
		{0018633A-D817-412D-8454-BAFE10A9EBE0}.Release|Any CPU.Build.0 = Release|Any CPU
	EndGlobalSection
	GlobalSection(SolutionProperties) = preSolution
		HideSolutionNode = FALSE
	EndGlobalSection
	GlobalSection(ExtensibilityGlobals) = postSolution
		SolutionGuid = {4776405B-C49E-47E4-9BD2-04753BEB40DC}
	EndGlobalSection
EndGlobal
