
Microsoft Visual Studio Solution File, Format Version 12.00
# Visual Studio Version 16
VisualStudioVersion = 16.0.29920.165
MinimumVisualStudioVersion = 10.0.40219.1
Project("{FAE04EC0-301F-11D3-BF4B-00C04F79EFBC}") = "StreamFilesAndDirectories2201", "StreamFilesAndDirectories2201\StreamFilesAndDirectories2201.csproj", "{3188C080-045F-4E4F-BEA8-B62F32BC6752}"
EndProject
Project("{FAE04EC0-301F-11D3-BF4B-00C04F79EFBC}") = "OddLines", "OddLines\OddLines.csproj", "{C31CB3C2-884A-4271-8CD8-41BA2A483DBA}"
EndProject
Project("{FAE04EC0-301F-11D3-BF4B-00C04F79EFBC}") = "LineNumbers", "LineNumbers\LineNumbers.csproj", "{2F42F2FD-75AD-4DD1-8510-EC840A206060}"
EndProject
Project("{FAE04EC0-301F-11D3-BF4B-00C04F79EFBC}") = "StreamsUnderneath", "StreamsUnderneath\StreamsUnderneath.csproj", "{B4C834B4-9BFD-4206-A06C-C8F12F14BDE2}"
EndProject
Project("{FAE04EC0-301F-11D3-BF4B-00C04F79EFBC}") = "RecoursiveDirectories", "RecoursiveDirectories\RecoursiveDirectories.csproj", "{E77EFF52-576D-427A-9453-1B94EBAFD68E}"
EndProject
Global
	GlobalSection(SolutionConfigurationPlatforms) = preSolution
		Debug|Any CPU = Debug|Any CPU
		Release|Any CPU = Release|Any CPU
	EndGlobalSection
	GlobalSection(ProjectConfigurationPlatforms) = postSolution
		{3188C080-045F-4E4F-BEA8-B62F32BC6752}.Debug|Any CPU.ActiveCfg = Debug|Any CPU
		{3188C080-045F-4E4F-BEA8-B62F32BC6752}.Debug|Any CPU.Build.0 = Debug|Any CPU
		{3188C080-045F-4E4F-BEA8-B62F32BC6752}.Release|Any CPU.ActiveCfg = Release|Any CPU
		{3188C080-045F-4E4F-BEA8-B62F32BC6752}.Release|Any CPU.Build.0 = Release|Any CPU
		{C31CB3C2-884A-4271-8CD8-41BA2A483DBA}.Debug|Any CPU.ActiveCfg = Debug|Any CPU
		{C31CB3C2-884A-4271-8CD8-41BA2A483DBA}.Debug|Any CPU.Build.0 = Debug|Any CPU
		{C31CB3C2-884A-4271-8CD8-41BA2A483DBA}.Release|Any CPU.ActiveCfg = Release|Any CPU
		{C31CB3C2-884A-4271-8CD8-41BA2A483DBA}.Release|Any CPU.Build.0 = Release|Any CPU
		{2F42F2FD-75AD-4DD1-8510-EC840A206060}.Debug|Any CPU.ActiveCfg = Debug|Any CPU
		{2F42F2FD-75AD-4DD1-8510-EC840A206060}.Debug|Any CPU.Build.0 = Debug|Any CPU
		{2F42F2FD-75AD-4DD1-8510-EC840A206060}.Release|Any CPU.ActiveCfg = Release|Any CPU
		{2F42F2FD-75AD-4DD1-8510-EC840A206060}.Release|Any CPU.Build.0 = Release|Any CPU
		{B4C834B4-9BFD-4206-A06C-C8F12F14BDE2}.Debug|Any CPU.ActiveCfg = Debug|Any CPU
		{B4C834B4-9BFD-4206-A06C-C8F12F14BDE2}.Debug|Any CPU.Build.0 = Debug|Any CPU
		{B4C834B4-9BFD-4206-A06C-C8F12F14BDE2}.Release|Any CPU.ActiveCfg = Release|Any CPU
		{B4C834B4-9BFD-4206-A06C-C8F12F14BDE2}.Release|Any CPU.Build.0 = Release|Any CPU
		{E77EFF52-576D-427A-9453-1B94EBAFD68E}.Debug|Any CPU.ActiveCfg = Debug|Any CPU
		{E77EFF52-576D-427A-9453-1B94EBAFD68E}.Debug|Any CPU.Build.0 = Debug|Any CPU
		{E77EFF52-576D-427A-9453-1B94EBAFD68E}.Release|Any CPU.ActiveCfg = Release|Any CPU
		{E77EFF52-576D-427A-9453-1B94EBAFD68E}.Release|Any CPU.Build.0 = Release|Any CPU
	EndGlobalSection
	GlobalSection(SolutionProperties) = preSolution
		HideSolutionNode = FALSE
	EndGlobalSection
	GlobalSection(ExtensibilityGlobals) = postSolution
		SolutionGuid = {000F49AB-2F6A-4C2F-8504-F6C67CB7FC35}
	EndGlobalSection
EndGlobal
