
Microsoft Visual Studio Solution File, Format Version 12.00
# Visual Studio Version 16
VisualStudioVersion = 16.0.29920.165
MinimumVisualStudioVersion = 10.0.40219.1
Project("{9A19103F-16F7-4668-BE54-9A1E7A4F7556}") = "Number7", "LoopsExcercise\Number7.csproj", "{A796A7DC-CD7A-4B76-925F-613E41405B82}"
EndProject
Project("{9A19103F-16F7-4668-BE54-9A1E7A4F7556}") = "HalfSumElement", "HalfSumElement\HalfSumElement.csproj", "{16AD080E-54A1-40BB-B897-FD9EF604AF73}"
EndProject
Project("{9A19103F-16F7-4668-BE54-9A1E7A4F7556}") = "OddEvenPosition", "OddEvenPosition\OddEvenPosition.csproj", "{E1B88095-7DF0-40EB-B4CD-295E25AF182F}"
EndProject
Project("{9A19103F-16F7-4668-BE54-9A1E7A4F7556}") = "Histogram", "Histogram\Histogram.csproj", "{8D095006-8DBD-4217-ACBE-071FF1819D5E}"
EndProject
Project("{FAE04EC0-301F-11D3-BF4B-00C04F79EFBC}") = "Salary", "Salary\Salary.csproj", "{24562641-5FC7-473F-9C5E-EC5CD9ACE6E8}"
EndProject
Global
	GlobalSection(SolutionConfigurationPlatforms) = preSolution
		Debug|Any CPU = Debug|Any CPU
		Release|Any CPU = Release|Any CPU
	EndGlobalSection
	GlobalSection(ProjectConfigurationPlatforms) = postSolution
		{A796A7DC-CD7A-4B76-925F-613E41405B82}.Debug|Any CPU.ActiveCfg = Debug|Any CPU
		{A796A7DC-CD7A-4B76-925F-613E41405B82}.Debug|Any CPU.Build.0 = Debug|Any CPU
		{A796A7DC-CD7A-4B76-925F-613E41405B82}.Release|Any CPU.ActiveCfg = Release|Any CPU
		{A796A7DC-CD7A-4B76-925F-613E41405B82}.Release|Any CPU.Build.0 = Release|Any CPU
		{16AD080E-54A1-40BB-B897-FD9EF604AF73}.Debug|Any CPU.ActiveCfg = Debug|Any CPU
		{16AD080E-54A1-40BB-B897-FD9EF604AF73}.Debug|Any CPU.Build.0 = Debug|Any CPU
		{16AD080E-54A1-40BB-B897-FD9EF604AF73}.Release|Any CPU.ActiveCfg = Release|Any CPU
		{16AD080E-54A1-40BB-B897-FD9EF604AF73}.Release|Any CPU.Build.0 = Release|Any CPU
		{E1B88095-7DF0-40EB-B4CD-295E25AF182F}.Debug|Any CPU.ActiveCfg = Debug|Any CPU
		{E1B88095-7DF0-40EB-B4CD-295E25AF182F}.Debug|Any CPU.Build.0 = Debug|Any CPU
		{E1B88095-7DF0-40EB-B4CD-295E25AF182F}.Release|Any CPU.ActiveCfg = Release|Any CPU
		{E1B88095-7DF0-40EB-B4CD-295E25AF182F}.Release|Any CPU.Build.0 = Release|Any CPU
		{8D095006-8DBD-4217-ACBE-071FF1819D5E}.Debug|Any CPU.ActiveCfg = Debug|Any CPU
		{8D095006-8DBD-4217-ACBE-071FF1819D5E}.Debug|Any CPU.Build.0 = Debug|Any CPU
		{8D095006-8DBD-4217-ACBE-071FF1819D5E}.Release|Any CPU.ActiveCfg = Release|Any CPU
		{8D095006-8DBD-4217-ACBE-071FF1819D5E}.Release|Any CPU.Build.0 = Release|Any CPU
		{24562641-5FC7-473F-9C5E-EC5CD9ACE6E8}.Debug|Any CPU.ActiveCfg = Debug|Any CPU
		{24562641-5FC7-473F-9C5E-EC5CD9ACE6E8}.Debug|Any CPU.Build.0 = Debug|Any CPU
		{24562641-5FC7-473F-9C5E-EC5CD9ACE6E8}.Release|Any CPU.ActiveCfg = Release|Any CPU
		{24562641-5FC7-473F-9C5E-EC5CD9ACE6E8}.Release|Any CPU.Build.0 = Release|Any CPU
	EndGlobalSection
	GlobalSection(SolutionProperties) = preSolution
		HideSolutionNode = FALSE
	EndGlobalSection
	GlobalSection(ExtensibilityGlobals) = postSolution
		SolutionGuid = {C419900F-DF49-417A-A823-4D6789E83D70}
	EndGlobalSection
EndGlobal
