
Microsoft Visual Studio Solution File, Format Version 12.00
# Visual Studio Version 16
VisualStudioVersion = 16.0.29920.165
MinimumVisualStudioVersion = 10.0.40219.1
Project("{FAE04EC0-301F-11D3-BF4B-00C04F79EFBC}") = "SOLIDExercise", "SOLIDExercise\SOLIDExercise.csproj", "{0069E6BF-BE08-444D-B381-30D00113B717}"
EndProject
Project("{FAE04EC0-301F-11D3-BF4B-00C04F79EFBC}") = "LoggerProject", "Logger\LoggerProject.csproj", "{967DD882-CFDF-4F23-AA65-B1C34192A209}"
EndProject
Global
	GlobalSection(SolutionConfigurationPlatforms) = preSolution
		Debug|Any CPU = Debug|Any CPU
		Release|Any CPU = Release|Any CPU
	EndGlobalSection
	GlobalSection(ProjectConfigurationPlatforms) = postSolution
		{0069E6BF-BE08-444D-B381-30D00113B717}.Debug|Any CPU.ActiveCfg = Debug|Any CPU
		{0069E6BF-BE08-444D-B381-30D00113B717}.Debug|Any CPU.Build.0 = Debug|Any CPU
		{0069E6BF-BE08-444D-B381-30D00113B717}.Release|Any CPU.ActiveCfg = Release|Any CPU
		{0069E6BF-BE08-444D-B381-30D00113B717}.Release|Any CPU.Build.0 = Release|Any CPU
		{967DD882-CFDF-4F23-AA65-B1C34192A209}.Debug|Any CPU.ActiveCfg = Debug|Any CPU
		{967DD882-CFDF-4F23-AA65-B1C34192A209}.Debug|Any CPU.Build.0 = Debug|Any CPU
		{967DD882-CFDF-4F23-AA65-B1C34192A209}.Release|Any CPU.ActiveCfg = Release|Any CPU
		{967DD882-CFDF-4F23-AA65-B1C34192A209}.Release|Any CPU.Build.0 = Release|Any CPU
	EndGlobalSection
	GlobalSection(SolutionProperties) = preSolution
		HideSolutionNode = FALSE
	EndGlobalSection
	GlobalSection(ExtensibilityGlobals) = postSolution
		SolutionGuid = {410293FF-9163-4865-85E6-60024E73FF6E}
	EndGlobalSection
EndGlobal
