
Microsoft Visual Studio Solution File, Format Version 12.00
# Visual Studio Version 16
VisualStudioVersion = 16.0.29920.165
MinimumVisualStudioVersion = 10.0.40219.1
Project("{9A19103F-16F7-4668-BE54-9A1E7A4F7556}") = "FinalExam10April2020", "FinalExam10April2020\FinalExam10April2020.csproj", "{14A0791F-676C-4B45-AD5B-1F87479590B8}"
EndProject
Project("{FAE04EC0-301F-11D3-BF4B-00C04F79EFBC}") = "MirrorWords", "MirrorWords\MirrorWords.csproj", "{99E041CA-0726-4975-9A01-85897A0FD1FA}"
EndProject
Project("{FAE04EC0-301F-11D3-BF4B-00C04F79EFBC}") = "NeedForSpeed3", "NeedForSpeed3\NeedForSpeed3.csproj", "{6882183B-E14E-4053-AD3D-FC541285B069}"
EndProject
Global
	GlobalSection(SolutionConfigurationPlatforms) = preSolution
		Debug|Any CPU = Debug|Any CPU
		Release|Any CPU = Release|Any CPU
	EndGlobalSection
	GlobalSection(ProjectConfigurationPlatforms) = postSolution
		{14A0791F-676C-4B45-AD5B-1F87479590B8}.Debug|Any CPU.ActiveCfg = Debug|Any CPU
		{14A0791F-676C-4B45-AD5B-1F87479590B8}.Debug|Any CPU.Build.0 = Debug|Any CPU
		{14A0791F-676C-4B45-AD5B-1F87479590B8}.Release|Any CPU.ActiveCfg = Release|Any CPU
		{14A0791F-676C-4B45-AD5B-1F87479590B8}.Release|Any CPU.Build.0 = Release|Any CPU
		{99E041CA-0726-4975-9A01-85897A0FD1FA}.Debug|Any CPU.ActiveCfg = Debug|Any CPU
		{99E041CA-0726-4975-9A01-85897A0FD1FA}.Debug|Any CPU.Build.0 = Debug|Any CPU
		{99E041CA-0726-4975-9A01-85897A0FD1FA}.Release|Any CPU.ActiveCfg = Release|Any CPU
		{99E041CA-0726-4975-9A01-85897A0FD1FA}.Release|Any CPU.Build.0 = Release|Any CPU
		{6882183B-E14E-4053-AD3D-FC541285B069}.Debug|Any CPU.ActiveCfg = Debug|Any CPU
		{6882183B-E14E-4053-AD3D-FC541285B069}.Debug|Any CPU.Build.0 = Debug|Any CPU
		{6882183B-E14E-4053-AD3D-FC541285B069}.Release|Any CPU.ActiveCfg = Release|Any CPU
		{6882183B-E14E-4053-AD3D-FC541285B069}.Release|Any CPU.Build.0 = Release|Any CPU
	EndGlobalSection
	GlobalSection(SolutionProperties) = preSolution
		HideSolutionNode = FALSE
	EndGlobalSection
	GlobalSection(ExtensibilityGlobals) = postSolution
		SolutionGuid = {D72BC545-D294-4256-A1F5-D286E3DA1E7A}
	EndGlobalSection
EndGlobal
