
Microsoft Visual Studio Solution File, Format Version 12.00
# Visual Studio Version 16
VisualStudioVersion = 16.0.29920.165
MinimumVisualStudioVersion = 10.0.40219.1
Project("{FAE04EC0-301F-11D3-BF4B-00C04F79EFBC}") = "EncryptSortValueNames", "ArraysMoreExc\EncryptSortValueNames.csproj", "{4F9AA4BA-49BF-42B4-8F3B-0882052DD37A}"
EndProject
Project("{FAE04EC0-301F-11D3-BF4B-00C04F79EFBC}") = "PascalTriangle", "PascalTriangle\PascalTriangle.csproj", "{FB07BC92-F229-457E-B9B4-8F7B7989B58E}"
EndProject
Global
	GlobalSection(SolutionConfigurationPlatforms) = preSolution
		Debug|Any CPU = Debug|Any CPU
		Release|Any CPU = Release|Any CPU
	EndGlobalSection
	GlobalSection(ProjectConfigurationPlatforms) = postSolution
		{4F9AA4BA-49BF-42B4-8F3B-0882052DD37A}.Debug|Any CPU.ActiveCfg = Debug|Any CPU
		{4F9AA4BA-49BF-42B4-8F3B-0882052DD37A}.Debug|Any CPU.Build.0 = Debug|Any CPU
		{4F9AA4BA-49BF-42B4-8F3B-0882052DD37A}.Release|Any CPU.ActiveCfg = Release|Any CPU
		{4F9AA4BA-49BF-42B4-8F3B-0882052DD37A}.Release|Any CPU.Build.0 = Release|Any CPU
		{FB07BC92-F229-457E-B9B4-8F7B7989B58E}.Debug|Any CPU.ActiveCfg = Debug|Any CPU
		{FB07BC92-F229-457E-B9B4-8F7B7989B58E}.Debug|Any CPU.Build.0 = Debug|Any CPU
		{FB07BC92-F229-457E-B9B4-8F7B7989B58E}.Release|Any CPU.ActiveCfg = Release|Any CPU
		{FB07BC92-F229-457E-B9B4-8F7B7989B58E}.Release|Any CPU.Build.0 = Release|Any CPU
	EndGlobalSection
	GlobalSection(SolutionProperties) = preSolution
		HideSolutionNode = FALSE
	EndGlobalSection
	GlobalSection(ExtensibilityGlobals) = postSolution
		SolutionGuid = {4D390751-FB40-4F48-A0C7-0F7E181505D8}
	EndGlobalSection
EndGlobal
