
Microsoft Visual Studio Solution File, Format Version 12.00
# Visual Studio Version 16
VisualStudioVersion = 16.0.29920.165
MinimumVisualStudioVersion = 10.0.40219.1
Project("{FAE04EC0-301F-11D3-BF4B-00C04F79EFBC}") = "ComplexConditionalsExcercies", "ComplexConditionalsExcercies\ComplexConditionalsExcercies.csproj", "{850193E8-4D47-4594-AFB4-8960ED47931E}"
EndProject
Project("{FAE04EC0-301F-11D3-BF4B-00C04F79EFBC}") = "FitnessCard", "FitnessCard\FitnessCard.csproj", "{C58CD0B7-2804-4728-BE82-4B57A441475B}"
EndProject
Project("{FAE04EC0-301F-11D3-BF4B-00C04F79EFBC}") = "HotelRoom", "ExamTime\HotelRoom.csproj", "{75444CED-A46A-4A9F-9377-0AB507C448ED}"
EndProject
Global
	GlobalSection(SolutionConfigurationPlatforms) = preSolution
		Debug|Any CPU = Debug|Any CPU
		Release|Any CPU = Release|Any CPU
	EndGlobalSection
	GlobalSection(ProjectConfigurationPlatforms) = postSolution
		{850193E8-4D47-4594-AFB4-8960ED47931E}.Debug|Any CPU.ActiveCfg = Debug|Any CPU
		{850193E8-4D47-4594-AFB4-8960ED47931E}.Debug|Any CPU.Build.0 = Debug|Any CPU
		{850193E8-4D47-4594-AFB4-8960ED47931E}.Release|Any CPU.ActiveCfg = Release|Any CPU
		{850193E8-4D47-4594-AFB4-8960ED47931E}.Release|Any CPU.Build.0 = Release|Any CPU
		{C58CD0B7-2804-4728-BE82-4B57A441475B}.Debug|Any CPU.ActiveCfg = Debug|Any CPU
		{C58CD0B7-2804-4728-BE82-4B57A441475B}.Debug|Any CPU.Build.0 = Debug|Any CPU
		{C58CD0B7-2804-4728-BE82-4B57A441475B}.Release|Any CPU.ActiveCfg = Release|Any CPU
		{C58CD0B7-2804-4728-BE82-4B57A441475B}.Release|Any CPU.Build.0 = Release|Any CPU
		{75444CED-A46A-4A9F-9377-0AB507C448ED}.Debug|Any CPU.ActiveCfg = Debug|Any CPU
		{75444CED-A46A-4A9F-9377-0AB507C448ED}.Debug|Any CPU.Build.0 = Debug|Any CPU
		{75444CED-A46A-4A9F-9377-0AB507C448ED}.Release|Any CPU.ActiveCfg = Release|Any CPU
		{75444CED-A46A-4A9F-9377-0AB507C448ED}.Release|Any CPU.Build.0 = Release|Any CPU
	EndGlobalSection
	GlobalSection(SolutionProperties) = preSolution
		HideSolutionNode = FALSE
	EndGlobalSection
	GlobalSection(ExtensibilityGlobals) = postSolution
		SolutionGuid = {18DB86E3-621E-48E8-BE60-CAE420329B5E}
	EndGlobalSection
EndGlobal
