
Microsoft Visual Studio Solution File, Format Version 12.00
# Visual Studio Version 16
VisualStudioVersion = 16.0.29920.165
MinimumVisualStudioVersion = 10.0.40219.1
Project("{FAE04EC0-301F-11D3-BF4B-00C04F79EFBC}") = "Inheritance", "Inheritance\Inheritance.csproj", "{A01818C3-9C92-4A4D-AED4-92862A729A09}"
EndProject
Project("{FAE04EC0-301F-11D3-BF4B-00C04F79EFBC}") = "Farm", "Farm\Farm.csproj", "{BF08EB93-6AB1-4447-A97C-090DC95D2170}"
EndProject
Project("{FAE04EC0-301F-11D3-BF4B-00C04F79EFBC}") = "CustomRandomList", "CustomRandomList\CustomRandomList.csproj", "{78B03E74-2234-4AFD-8469-868616264A43}"
EndProject
Project("{FAE04EC0-301F-11D3-BF4B-00C04F79EFBC}") = "CustomStack", "CustomStack\CustomStack.csproj", "{36DECCF1-1BBB-4020-9DBB-FCF193951BA3}"
EndProject
Global
	GlobalSection(SolutionConfigurationPlatforms) = preSolution
		Debug|Any CPU = Debug|Any CPU
		Release|Any CPU = Release|Any CPU
	EndGlobalSection
	GlobalSection(ProjectConfigurationPlatforms) = postSolution
		{A01818C3-9C92-4A4D-AED4-92862A729A09}.Debug|Any CPU.ActiveCfg = Debug|Any CPU
		{A01818C3-9C92-4A4D-AED4-92862A729A09}.Debug|Any CPU.Build.0 = Debug|Any CPU
		{A01818C3-9C92-4A4D-AED4-92862A729A09}.Release|Any CPU.ActiveCfg = Release|Any CPU
		{A01818C3-9C92-4A4D-AED4-92862A729A09}.Release|Any CPU.Build.0 = Release|Any CPU
		{BF08EB93-6AB1-4447-A97C-090DC95D2170}.Debug|Any CPU.ActiveCfg = Debug|Any CPU
		{BF08EB93-6AB1-4447-A97C-090DC95D2170}.Debug|Any CPU.Build.0 = Debug|Any CPU
		{BF08EB93-6AB1-4447-A97C-090DC95D2170}.Release|Any CPU.ActiveCfg = Release|Any CPU
		{BF08EB93-6AB1-4447-A97C-090DC95D2170}.Release|Any CPU.Build.0 = Release|Any CPU
		{78B03E74-2234-4AFD-8469-868616264A43}.Debug|Any CPU.ActiveCfg = Debug|Any CPU
		{78B03E74-2234-4AFD-8469-868616264A43}.Debug|Any CPU.Build.0 = Debug|Any CPU
		{78B03E74-2234-4AFD-8469-868616264A43}.Release|Any CPU.ActiveCfg = Release|Any CPU
		{78B03E74-2234-4AFD-8469-868616264A43}.Release|Any CPU.Build.0 = Release|Any CPU
		{36DECCF1-1BBB-4020-9DBB-FCF193951BA3}.Debug|Any CPU.ActiveCfg = Debug|Any CPU
		{36DECCF1-1BBB-4020-9DBB-FCF193951BA3}.Debug|Any CPU.Build.0 = Debug|Any CPU
		{36DECCF1-1BBB-4020-9DBB-FCF193951BA3}.Release|Any CPU.ActiveCfg = Release|Any CPU
		{36DECCF1-1BBB-4020-9DBB-FCF193951BA3}.Release|Any CPU.Build.0 = Release|Any CPU
	EndGlobalSection
	GlobalSection(SolutionProperties) = preSolution
		HideSolutionNode = FALSE
	EndGlobalSection
	GlobalSection(ExtensibilityGlobals) = postSolution
		SolutionGuid = {42B24644-F6BC-4A45-AB42-4345B5EA28A3}
	EndGlobalSection
EndGlobal
