
Microsoft Visual Studio Solution File, Format Version 12.00
# Visual Studio Version 16
VisualStudioVersion = 16.0.29920.165
MinimumVisualStudioVersion = 10.0.40219.1
Project("{FAE04EC0-301F-11D3-BF4B-00C04F79EFBC}") = "LoopsExamTasks", "LoopsExamTasks\LoopsExamTasks.csproj", "{130DEFD1-0416-4467-B92D-DB7264EFAFE5}"
EndProject
Project("{FAE04EC0-301F-11D3-BF4B-00C04F79EFBC}") = "TrekkingMania", "TrekkingMania\TrekkingMania.csproj", "{9842706A-0AF5-448C-BA05-2A1C8CBFC718}"
EndProject
Global
	GlobalSection(SolutionConfigurationPlatforms) = preSolution
		Debug|Any CPU = Debug|Any CPU
		Release|Any CPU = Release|Any CPU
	EndGlobalSection
	GlobalSection(ProjectConfigurationPlatforms) = postSolution
		{130DEFD1-0416-4467-B92D-DB7264EFAFE5}.Debug|Any CPU.ActiveCfg = Debug|Any CPU
		{130DEFD1-0416-4467-B92D-DB7264EFAFE5}.Debug|Any CPU.Build.0 = Debug|Any CPU
		{130DEFD1-0416-4467-B92D-DB7264EFAFE5}.Release|Any CPU.ActiveCfg = Release|Any CPU
		{130DEFD1-0416-4467-B92D-DB7264EFAFE5}.Release|Any CPU.Build.0 = Release|Any CPU
		{9842706A-0AF5-448C-BA05-2A1C8CBFC718}.Debug|Any CPU.ActiveCfg = Debug|Any CPU
		{9842706A-0AF5-448C-BA05-2A1C8CBFC718}.Debug|Any CPU.Build.0 = Debug|Any CPU
		{9842706A-0AF5-448C-BA05-2A1C8CBFC718}.Release|Any CPU.ActiveCfg = Release|Any CPU
		{9842706A-0AF5-448C-BA05-2A1C8CBFC718}.Release|Any CPU.Build.0 = Release|Any CPU
	EndGlobalSection
	GlobalSection(SolutionProperties) = preSolution
		HideSolutionNode = FALSE
	EndGlobalSection
	GlobalSection(ExtensibilityGlobals) = postSolution
		SolutionGuid = {78EF7A85-888B-4EC1-946F-919BA299036C}
	EndGlobalSection
EndGlobal
