
Microsoft Visual Studio Solution File, Format Version 12.00
# Visual Studio Version 16
VisualStudioVersion = 16.0.29920.165
MinimumVisualStudioVersion = 10.0.40219.1
Project("{FAE04EC0-301F-11D3-BF4B-00C04F79EFBC}") = "01.Areas", "Conditionals\01.Areas.csproj", "{8F698C13-E0CD-4389-A037-273E8C6E6802}"
EndProject
Project("{FAE04EC0-301F-11D3-BF4B-00C04F79EFBC}") = "02.BonusPoints", "02.BonusPoints\02.BonusPoints.csproj", "{D72CC804-4461-4915-A703-05544A540A07}"
EndProject
Project("{FAE04EC0-301F-11D3-BF4B-00C04F79EFBC}") = "03.Speed", "03.Speed\03.Speed.csproj", "{5C80A25F-C103-4169-8A21-C36B0B8687DF}"
EndProject
Project("{FAE04EC0-301F-11D3-BF4B-00C04F79EFBC}") = "04.Measuring", "04.Measuring\04.Measuring.csproj", "{C50CBB25-AF77-47B9-A9C7-E7A4EA0D8B85}"
EndProject
Project("{FAE04EC0-301F-11D3-BF4B-00C04F79EFBC}") = "05.TimeSec+15", "05.TimeSec+15\05.TimeSec+15.csproj", "{99CB1EF4-9B9D-4935-AC5F-C9B6FBA8E97A}"
EndProject
Global
	GlobalSection(SolutionConfigurationPlatforms) = preSolution
		Debug|Any CPU = Debug|Any CPU
		Release|Any CPU = Release|Any CPU
	EndGlobalSection
	GlobalSection(ProjectConfigurationPlatforms) = postSolution
		{8F698C13-E0CD-4389-A037-273E8C6E6802}.Debug|Any CPU.ActiveCfg = Debug|Any CPU
		{8F698C13-E0CD-4389-A037-273E8C6E6802}.Debug|Any CPU.Build.0 = Debug|Any CPU
		{8F698C13-E0CD-4389-A037-273E8C6E6802}.Release|Any CPU.ActiveCfg = Release|Any CPU
		{8F698C13-E0CD-4389-A037-273E8C6E6802}.Release|Any CPU.Build.0 = Release|Any CPU
		{D72CC804-4461-4915-A703-05544A540A07}.Debug|Any CPU.ActiveCfg = Debug|Any CPU
		{D72CC804-4461-4915-A703-05544A540A07}.Debug|Any CPU.Build.0 = Debug|Any CPU
		{D72CC804-4461-4915-A703-05544A540A07}.Release|Any CPU.ActiveCfg = Release|Any CPU
		{D72CC804-4461-4915-A703-05544A540A07}.Release|Any CPU.Build.0 = Release|Any CPU
		{5C80A25F-C103-4169-8A21-C36B0B8687DF}.Debug|Any CPU.ActiveCfg = Debug|Any CPU
		{5C80A25F-C103-4169-8A21-C36B0B8687DF}.Debug|Any CPU.Build.0 = Debug|Any CPU
		{5C80A25F-C103-4169-8A21-C36B0B8687DF}.Release|Any CPU.ActiveCfg = Release|Any CPU
		{5C80A25F-C103-4169-8A21-C36B0B8687DF}.Release|Any CPU.Build.0 = Release|Any CPU
		{C50CBB25-AF77-47B9-A9C7-E7A4EA0D8B85}.Debug|Any CPU.ActiveCfg = Debug|Any CPU
		{C50CBB25-AF77-47B9-A9C7-E7A4EA0D8B85}.Debug|Any CPU.Build.0 = Debug|Any CPU
		{C50CBB25-AF77-47B9-A9C7-E7A4EA0D8B85}.Release|Any CPU.ActiveCfg = Release|Any CPU
		{C50CBB25-AF77-47B9-A9C7-E7A4EA0D8B85}.Release|Any CPU.Build.0 = Release|Any CPU
		{99CB1EF4-9B9D-4935-AC5F-C9B6FBA8E97A}.Debug|Any CPU.ActiveCfg = Debug|Any CPU
		{99CB1EF4-9B9D-4935-AC5F-C9B6FBA8E97A}.Debug|Any CPU.Build.0 = Debug|Any CPU
		{99CB1EF4-9B9D-4935-AC5F-C9B6FBA8E97A}.Release|Any CPU.ActiveCfg = Release|Any CPU
		{99CB1EF4-9B9D-4935-AC5F-C9B6FBA8E97A}.Release|Any CPU.Build.0 = Release|Any CPU
	EndGlobalSection
	GlobalSection(SolutionProperties) = preSolution
		HideSolutionNode = FALSE
	EndGlobalSection
	GlobalSection(ExtensibilityGlobals) = postSolution
		SolutionGuid = {F734F96B-4FF5-43C1-A3EF-0B2596FF37B3}
	EndGlobalSection
EndGlobal
