
Microsoft Visual Studio Solution File, Format Version 12.00
# Visual Studio Version 16
VisualStudioVersion = 16.0.29920.165
MinimumVisualStudioVersion = 10.0.40219.1
Project("{9A19103F-16F7-4668-BE54-9A1E7A4F7556}") = "NumbersSum", "Loops\NumbersSum.csproj", "{C5266C66-D7CC-4CA1-8375-A1002E3829A8}"
EndProject
Project("{9A19103F-16F7-4668-BE54-9A1E7A4F7556}") = "MaxMinNumber", "MaxMinNumber\MaxMinNumber.csproj", "{6328F46D-ECC3-4F33-9B91-6A2317A8D0B9}"
EndProject
Project("{9A19103F-16F7-4668-BE54-9A1E7A4F7556}") = "SmartLili", "SmartLili\SmartLili.csproj", "{56276121-C64E-4240-8F5B-81D716A5437A}"
EndProject
Project("{FAE04EC0-301F-11D3-BF4B-00C04F79EFBC}") = "Demo", "Demo\Demo.csproj", "{6FC6AAC6-0EC1-4C8B-8A11-CC01F51CAE00}"
EndProject
Project("{FAE04EC0-301F-11D3-BF4B-00C04F79EFBC}") = "Divide2,3,4", "Divide2,3,4\Divide2,3,4.csproj", "{DA989DF9-821C-46C0-A63E-604B10B2BF30}"
EndProject
Global
	GlobalSection(SolutionConfigurationPlatforms) = preSolution
		Debug|Any CPU = Debug|Any CPU
		Release|Any CPU = Release|Any CPU
	EndGlobalSection
	GlobalSection(ProjectConfigurationPlatforms) = postSolution
		{C5266C66-D7CC-4CA1-8375-A1002E3829A8}.Debug|Any CPU.ActiveCfg = Debug|Any CPU
		{C5266C66-D7CC-4CA1-8375-A1002E3829A8}.Debug|Any CPU.Build.0 = Debug|Any CPU
		{C5266C66-D7CC-4CA1-8375-A1002E3829A8}.Release|Any CPU.ActiveCfg = Release|Any CPU
		{C5266C66-D7CC-4CA1-8375-A1002E3829A8}.Release|Any CPU.Build.0 = Release|Any CPU
		{6328F46D-ECC3-4F33-9B91-6A2317A8D0B9}.Debug|Any CPU.ActiveCfg = Debug|Any CPU
		{6328F46D-ECC3-4F33-9B91-6A2317A8D0B9}.Debug|Any CPU.Build.0 = Debug|Any CPU
		{6328F46D-ECC3-4F33-9B91-6A2317A8D0B9}.Release|Any CPU.ActiveCfg = Release|Any CPU
		{6328F46D-ECC3-4F33-9B91-6A2317A8D0B9}.Release|Any CPU.Build.0 = Release|Any CPU
		{56276121-C64E-4240-8F5B-81D716A5437A}.Debug|Any CPU.ActiveCfg = Debug|Any CPU
		{56276121-C64E-4240-8F5B-81D716A5437A}.Debug|Any CPU.Build.0 = Debug|Any CPU
		{56276121-C64E-4240-8F5B-81D716A5437A}.Release|Any CPU.ActiveCfg = Release|Any CPU
		{56276121-C64E-4240-8F5B-81D716A5437A}.Release|Any CPU.Build.0 = Release|Any CPU
		{6FC6AAC6-0EC1-4C8B-8A11-CC01F51CAE00}.Debug|Any CPU.ActiveCfg = Debug|Any CPU
		{6FC6AAC6-0EC1-4C8B-8A11-CC01F51CAE00}.Debug|Any CPU.Build.0 = Debug|Any CPU
		{6FC6AAC6-0EC1-4C8B-8A11-CC01F51CAE00}.Release|Any CPU.ActiveCfg = Release|Any CPU
		{6FC6AAC6-0EC1-4C8B-8A11-CC01F51CAE00}.Release|Any CPU.Build.0 = Release|Any CPU
		{DA989DF9-821C-46C0-A63E-604B10B2BF30}.Debug|Any CPU.ActiveCfg = Debug|Any CPU
		{DA989DF9-821C-46C0-A63E-604B10B2BF30}.Debug|Any CPU.Build.0 = Debug|Any CPU
		{DA989DF9-821C-46C0-A63E-604B10B2BF30}.Release|Any CPU.ActiveCfg = Release|Any CPU
		{DA989DF9-821C-46C0-A63E-604B10B2BF30}.Release|Any CPU.Build.0 = Release|Any CPU
	EndGlobalSection
	GlobalSection(SolutionProperties) = preSolution
		HideSolutionNode = FALSE
	EndGlobalSection
	GlobalSection(ExtensibilityGlobals) = postSolution
		SolutionGuid = {2EA0DCF7-4875-40CC-92E2-D175F1F3A9D5}
	EndGlobalSection
EndGlobal
