
Microsoft Visual Studio Solution File, Format Version 12.00
# Visual Studio Version 16
VisualStudioVersion = 16.0.29920.165
MinimumVisualStudioVersion = 10.0.40219.1
Project("{9A19103F-16F7-4668-BE54-9A1E7A4F7556}") = "ComplexConditionals", "ComplexConditionals\ComplexConditionals.csproj", "{DE4414BE-DA4C-498E-9D36-DDECE9ACCC0F}"
EndProject
Project("{9A19103F-16F7-4668-BE54-9A1E7A4F7556}") = "SkiResort", "SkiResort\SkiResort.csproj", "{AA7E7035-CDBF-42DE-8F8F-E1AC85042B0D}"
EndProject
Project("{9A19103F-16F7-4668-BE54-9A1E7A4F7556}") = "Demo", "Demo\Demo.csproj", "{EE0AAD46-FDDB-4368-818F-BD111C3CC099}"
EndProject
Project("{FAE04EC0-301F-11D3-BF4B-00C04F79EFBC}") = "Demo1", "Demo1\Demo1.csproj", "{637FBFB7-4AAC-4CBF-8A0D-707A854BEE40}"
EndProject
Global
	GlobalSection(SolutionConfigurationPlatforms) = preSolution
		Debug|Any CPU = Debug|Any CPU
		Release|Any CPU = Release|Any CPU
	EndGlobalSection
	GlobalSection(ProjectConfigurationPlatforms) = postSolution
		{DE4414BE-DA4C-498E-9D36-DDECE9ACCC0F}.Debug|Any CPU.ActiveCfg = Debug|Any CPU
		{DE4414BE-DA4C-498E-9D36-DDECE9ACCC0F}.Debug|Any CPU.Build.0 = Debug|Any CPU
		{DE4414BE-DA4C-498E-9D36-DDECE9ACCC0F}.Release|Any CPU.ActiveCfg = Release|Any CPU
		{DE4414BE-DA4C-498E-9D36-DDECE9ACCC0F}.Release|Any CPU.Build.0 = Release|Any CPU
		{AA7E7035-CDBF-42DE-8F8F-E1AC85042B0D}.Debug|Any CPU.ActiveCfg = Debug|Any CPU
		{AA7E7035-CDBF-42DE-8F8F-E1AC85042B0D}.Debug|Any CPU.Build.0 = Debug|Any CPU
		{AA7E7035-CDBF-42DE-8F8F-E1AC85042B0D}.Release|Any CPU.ActiveCfg = Release|Any CPU
		{AA7E7035-CDBF-42DE-8F8F-E1AC85042B0D}.Release|Any CPU.Build.0 = Release|Any CPU
		{EE0AAD46-FDDB-4368-818F-BD111C3CC099}.Debug|Any CPU.ActiveCfg = Debug|Any CPU
		{EE0AAD46-FDDB-4368-818F-BD111C3CC099}.Debug|Any CPU.Build.0 = Debug|Any CPU
		{EE0AAD46-FDDB-4368-818F-BD111C3CC099}.Release|Any CPU.ActiveCfg = Release|Any CPU
		{EE0AAD46-FDDB-4368-818F-BD111C3CC099}.Release|Any CPU.Build.0 = Release|Any CPU
		{637FBFB7-4AAC-4CBF-8A0D-707A854BEE40}.Debug|Any CPU.ActiveCfg = Debug|Any CPU
		{637FBFB7-4AAC-4CBF-8A0D-707A854BEE40}.Debug|Any CPU.Build.0 = Debug|Any CPU
		{637FBFB7-4AAC-4CBF-8A0D-707A854BEE40}.Release|Any CPU.ActiveCfg = Release|Any CPU
		{637FBFB7-4AAC-4CBF-8A0D-707A854BEE40}.Release|Any CPU.Build.0 = Release|Any CPU
	EndGlobalSection
	GlobalSection(SolutionProperties) = preSolution
		HideSolutionNode = FALSE
	EndGlobalSection
	GlobalSection(ExtensibilityGlobals) = postSolution
		SolutionGuid = {509AFDA1-834E-4C1C-9571-321C7601B454}
	EndGlobalSection
EndGlobal
