
Microsoft Visual Studio Solution File, Format Version 12.00
# Visual Studio Version 17
VisualStudioVersion = 17.0.31903.59
MinimumVisualStudioVersion = 10.0.40219.1
Project("{9A19103F-16F7-4668-BE54-9A1E7A4F7556}") = "MyWebServer.Server", "MyWebServer.Server\MyWebServer.Server.csproj", "{D1D98152-D2AB-43EB-8EA6-1452A623BFC6}"
EndProject
Project("{FAE04EC0-301F-11D3-BF4B-00C04F79EFBC}") = "MyWebServer.Demo", "MyWebServer.Demo\MyWebServer.Demo.csproj", "{7AEE0410-DE6A-48A0-BC1C-1B4E8E79BE17}"
EndProject
Global
	GlobalSection(SolutionConfigurationPlatforms) = preSolution
		Debug|Any CPU = Debug|Any CPU
		Release|Any CPU = Release|Any CPU
	EndGlobalSection
	GlobalSection(ProjectConfigurationPlatforms) = postSolution
		{D1D98152-D2AB-43EB-8EA6-1452A623BFC6}.Debug|Any CPU.ActiveCfg = Debug|Any CPU
		{D1D98152-D2AB-43EB-8EA6-1452A623BFC6}.Debug|Any CPU.Build.0 = Debug|Any CPU
		{D1D98152-D2AB-43EB-8EA6-1452A623BFC6}.Release|Any CPU.ActiveCfg = Release|Any CPU
		{D1D98152-D2AB-43EB-8EA6-1452A623BFC6}.Release|Any CPU.Build.0 = Release|Any CPU
		{7AEE0410-DE6A-48A0-BC1C-1B4E8E79BE17}.Debug|Any CPU.ActiveCfg = Debug|Any CPU
		{7AEE0410-DE6A-48A0-BC1C-1B4E8E79BE17}.Debug|Any CPU.Build.0 = Debug|Any CPU
		{7AEE0410-DE6A-48A0-BC1C-1B4E8E79BE17}.Release|Any CPU.ActiveCfg = Release|Any CPU
		{7AEE0410-DE6A-48A0-BC1C-1B4E8E79BE17}.Release|Any CPU.Build.0 = Release|Any CPU
	EndGlobalSection
	GlobalSection(SolutionProperties) = preSolution
		HideSolutionNode = FALSE
	EndGlobalSection
	GlobalSection(ExtensibilityGlobals) = postSolution
		SolutionGuid = {AD3BDAE2-3385-44F0-AFB8-3FCB220C4597}
	EndGlobalSection
EndGlobal
