
Microsoft Visual Studio Solution File, Format Version 12.00
# Visual Studio Version 16
VisualStudioVersion = 16.0.29920.165
MinimumVisualStudioVersion = 10.0.40219.1
Project("{FAE04EC0-301F-11D3-BF4B-00C04F79EFBC}") = "RepeatString", "TextProcessing\RepeatString.csproj", "{7AE6728B-E3BC-423A-A29E-08FE7A45636F}"
EndProject
Project("{FAE04EC0-301F-11D3-BF4B-00C04F79EFBC}") = "Substring", "Substring\Substring.csproj", "{D2DC21DE-51C4-451A-8827-0EDAA4DCA849}"
EndProject
Project("{FAE04EC0-301F-11D3-BF4B-00C04F79EFBC}") = "TextFilter", "TextFilter\TextFilter.csproj", "{B9316E8E-FD86-41D6-8008-BF1772294E49}"
EndProject
Global
	GlobalSection(SolutionConfigurationPlatforms) = preSolution
		Debug|Any CPU = Debug|Any CPU
		Release|Any CPU = Release|Any CPU
	EndGlobalSection
	GlobalSection(ProjectConfigurationPlatforms) = postSolution
		{7AE6728B-E3BC-423A-A29E-08FE7A45636F}.Debug|Any CPU.ActiveCfg = Debug|Any CPU
		{7AE6728B-E3BC-423A-A29E-08FE7A45636F}.Debug|Any CPU.Build.0 = Debug|Any CPU
		{7AE6728B-E3BC-423A-A29E-08FE7A45636F}.Release|Any CPU.ActiveCfg = Release|Any CPU
		{7AE6728B-E3BC-423A-A29E-08FE7A45636F}.Release|Any CPU.Build.0 = Release|Any CPU
		{D2DC21DE-51C4-451A-8827-0EDAA4DCA849}.Debug|Any CPU.ActiveCfg = Debug|Any CPU
		{D2DC21DE-51C4-451A-8827-0EDAA4DCA849}.Debug|Any CPU.Build.0 = Debug|Any CPU
		{D2DC21DE-51C4-451A-8827-0EDAA4DCA849}.Release|Any CPU.ActiveCfg = Release|Any CPU
		{D2DC21DE-51C4-451A-8827-0EDAA4DCA849}.Release|Any CPU.Build.0 = Release|Any CPU
		{B9316E8E-FD86-41D6-8008-BF1772294E49}.Debug|Any CPU.ActiveCfg = Debug|Any CPU
		{B9316E8E-FD86-41D6-8008-BF1772294E49}.Debug|Any CPU.Build.0 = Debug|Any CPU
		{B9316E8E-FD86-41D6-8008-BF1772294E49}.Release|Any CPU.ActiveCfg = Release|Any CPU
		{B9316E8E-FD86-41D6-8008-BF1772294E49}.Release|Any CPU.Build.0 = Release|Any CPU
	EndGlobalSection
	GlobalSection(SolutionProperties) = preSolution
		HideSolutionNode = FALSE
	EndGlobalSection
	GlobalSection(ExtensibilityGlobals) = postSolution
		SolutionGuid = {75DA0C7F-A0F7-4874-A6FF-7596FDC299FA}
	EndGlobalSection
EndGlobal
