
Microsoft Visual Studio Solution File, Format Version 12.00
# Visual Studio Version 16
VisualStudioVersion = 16.0.29920.165
MinimumVisualStudioVersion = 10.0.40219.1
Project("{FAE04EC0-301F-11D3-BF4B-00C04F79EFBC}") = "InterfacesAndAbstractionExercise", "InterfacesAndAbstractionExercise\InterfacesAndAbstractionExercise.csproj", "{B771C1E2-C820-411A-93E3-2822FA880FE1}"
EndProject
Project("{FAE04EC0-301F-11D3-BF4B-00C04F79EFBC}") = "PersonInfo", "PersonInfo\PersonInfo.csproj", "{52F3B53B-BA98-47A9-BF15-782B060A5123}"
EndProject
Project("{FAE04EC0-301F-11D3-BF4B-00C04F79EFBC}") = "Telephony", "Telephony\Telephony.csproj", "{E89C5DDE-9E13-4427-8FAE-19048A1730A5}"
EndProject
Global
	GlobalSection(SolutionConfigurationPlatforms) = preSolution
		Debug|Any CPU = Debug|Any CPU
		Release|Any CPU = Release|Any CPU
	EndGlobalSection
	GlobalSection(ProjectConfigurationPlatforms) = postSolution
		{B771C1E2-C820-411A-93E3-2822FA880FE1}.Debug|Any CPU.ActiveCfg = Debug|Any CPU
		{B771C1E2-C820-411A-93E3-2822FA880FE1}.Debug|Any CPU.Build.0 = Debug|Any CPU
		{B771C1E2-C820-411A-93E3-2822FA880FE1}.Release|Any CPU.ActiveCfg = Release|Any CPU
		{B771C1E2-C820-411A-93E3-2822FA880FE1}.Release|Any CPU.Build.0 = Release|Any CPU
		{52F3B53B-BA98-47A9-BF15-782B060A5123}.Debug|Any CPU.ActiveCfg = Debug|Any CPU
		{52F3B53B-BA98-47A9-BF15-782B060A5123}.Debug|Any CPU.Build.0 = Debug|Any CPU
		{52F3B53B-BA98-47A9-BF15-782B060A5123}.Release|Any CPU.ActiveCfg = Release|Any CPU
		{52F3B53B-BA98-47A9-BF15-782B060A5123}.Release|Any CPU.Build.0 = Release|Any CPU
		{E89C5DDE-9E13-4427-8FAE-19048A1730A5}.Debug|Any CPU.ActiveCfg = Debug|Any CPU
		{E89C5DDE-9E13-4427-8FAE-19048A1730A5}.Debug|Any CPU.Build.0 = Debug|Any CPU
		{E89C5DDE-9E13-4427-8FAE-19048A1730A5}.Release|Any CPU.ActiveCfg = Release|Any CPU
		{E89C5DDE-9E13-4427-8FAE-19048A1730A5}.Release|Any CPU.Build.0 = Release|Any CPU
	EndGlobalSection
	GlobalSection(SolutionProperties) = preSolution
		HideSolutionNode = FALSE
	EndGlobalSection
	GlobalSection(ExtensibilityGlobals) = postSolution
		SolutionGuid = {8E16EB2B-D0F4-456F-81B1-515A9CC46F02}
	EndGlobalSection
EndGlobal
