
Microsoft Visual Studio Solution File, Format Version 12.00
# Visual Studio Version 16
VisualStudioVersion = 16.0.29920.165
MinimumVisualStudioVersion = 10.0.40219.1
Project("{FAE04EC0-301F-11D3-BF4B-00C04F79EFBC}") = "InterfacesAndAbstraction", "InterfacesAndAbstraction\InterfacesAndAbstraction.csproj", "{C1197E0B-C3CD-4B12-AC08-319F214431A4}"
EndProject
Project("{FAE04EC0-301F-11D3-BF4B-00C04F79EFBC}") = "Shapes", "Shapes\Shapes.csproj", "{28990651-CD34-45F3-BBC1-5502E39E887E}"
EndProject
Project("{FAE04EC0-301F-11D3-BF4B-00C04F79EFBC}") = "Cars", "Cars\Cars.csproj", "{4D85C41C-D414-4BF2-B944-D7485100F4D2}"
EndProject
Global
	GlobalSection(SolutionConfigurationPlatforms) = preSolution
		Debug|Any CPU = Debug|Any CPU
		Release|Any CPU = Release|Any CPU
	EndGlobalSection
	GlobalSection(ProjectConfigurationPlatforms) = postSolution
		{C1197E0B-C3CD-4B12-AC08-319F214431A4}.Debug|Any CPU.ActiveCfg = Debug|Any CPU
		{C1197E0B-C3CD-4B12-AC08-319F214431A4}.Debug|Any CPU.Build.0 = Debug|Any CPU
		{C1197E0B-C3CD-4B12-AC08-319F214431A4}.Release|Any CPU.ActiveCfg = Release|Any CPU
		{C1197E0B-C3CD-4B12-AC08-319F214431A4}.Release|Any CPU.Build.0 = Release|Any CPU
		{28990651-CD34-45F3-BBC1-5502E39E887E}.Debug|Any CPU.ActiveCfg = Debug|Any CPU
		{28990651-CD34-45F3-BBC1-5502E39E887E}.Debug|Any CPU.Build.0 = Debug|Any CPU
		{28990651-CD34-45F3-BBC1-5502E39E887E}.Release|Any CPU.ActiveCfg = Release|Any CPU
		{28990651-CD34-45F3-BBC1-5502E39E887E}.Release|Any CPU.Build.0 = Release|Any CPU
		{4D85C41C-D414-4BF2-B944-D7485100F4D2}.Debug|Any CPU.ActiveCfg = Debug|Any CPU
		{4D85C41C-D414-4BF2-B944-D7485100F4D2}.Debug|Any CPU.Build.0 = Debug|Any CPU
		{4D85C41C-D414-4BF2-B944-D7485100F4D2}.Release|Any CPU.ActiveCfg = Release|Any CPU
		{4D85C41C-D414-4BF2-B944-D7485100F4D2}.Release|Any CPU.Build.0 = Release|Any CPU
	EndGlobalSection
	GlobalSection(SolutionProperties) = preSolution
		HideSolutionNode = FALSE
	EndGlobalSection
	GlobalSection(ExtensibilityGlobals) = postSolution
		SolutionGuid = {E7246088-CB52-4A41-865C-F481CE51DE44}
	EndGlobalSection
EndGlobal
